
Microsoft Visual Studio Solution File, Format Version 12.00
# Visual Studio Version 17
VisualStudioVersion = 17.1.32328.378
MinimumVisualStudioVersion = 10.0.40219.1
Project("{FAE04EC0-301F-11D3-BF4B-00C04F79EFBC}") = "CRUD and login", "CRUD and login\CRUD and login.csproj", "{049154E5-DA72-4133-B17E-8428051C315B}"
EndProject
Global
	GlobalSection(SolutionConfigurationPlatforms) = preSolution
		Debug|Any CPU = Debug|Any CPU
		Release|Any CPU = Release|Any CPU
	EndGlobalSection
	GlobalSection(ProjectConfigurationPlatforms) = postSolution
		{049154E5-DA72-4133-B17E-8428051C315B}.Debug|Any CPU.ActiveCfg = Debug|Any CPU
		{049154E5-DA72-4133-B17E-8428051C315B}.Debug|Any CPU.Build.0 = Debug|Any CPU
		{049154E5-DA72-4133-B17E-8428051C315B}.Release|Any CPU.ActiveCfg = Release|Any CPU
		{049154E5-DA72-4133-B17E-8428051C315B}.Release|Any CPU.Build.0 = Release|Any CPU
	EndGlobalSection
	GlobalSection(SolutionProperties) = preSolution
		HideSolutionNode = FALSE
	EndGlobalSection
	GlobalSection(ExtensibilityGlobals) = postSolution
		SolutionGuid = {17196DB7-4FB1-4C0C-BD75-11F2C5060C85}
	EndGlobalSection
EndGlobal
